
Microsoft Visual Studio Solution File, Format Version 12.00
# Visual Studio 2013
VisualStudioVersion = 12.0.21005.1
MinimumVisualStudioVersion = 10.0.40219.1
Project("{2150E333-8FDC-42A3-9474-1A3956D46DE8}") = "Server", "Server", "{086731CE-ADC6-40BC-8249-1E1430BE7C60}"
EndProject
Project("{2150E333-8FDC-42A3-9474-1A3956D46DE8}") = "Client", "Client", "{83FD91E5-F631-4369-ADD5-3B3E7CB57D64}"
EndProject
Project("{2150E333-8FDC-42A3-9474-1A3956D46DE8}") = "Common", "Common", "{0E712BE5-3D6A-4190-912B-125E798414C1}"
EndProject
Project("{2150E333-8FDC-42A3-9474-1A3956D46DE8}") = "Installers", "Installers", "{F5F5C561-4AC4-47B4-8AF0-D26E559C225F}"
EndProject
Project("{2150E333-8FDC-42A3-9474-1A3956D46DE8}") = "SolutionItems", "SolutionItems", "{7EFD0679-D1D5-4A92-92F8-03B47023A0AE}"
	ProjectSection(SolutionItems) = preProject
		SolutionItems\CodeAnalysisDictionary.xml = SolutionItems\CodeAnalysisDictionary.xml
		SolutionItems\TActive.ruleset = SolutionItems\TActive.ruleset
		SolutionItems\TActiveTests.ruleset = SolutionItems\TActiveTests.ruleset
	EndProjectSection
EndProject
Project("{FAE04EC0-301F-11D3-BF4B-00C04F79EFBC}") = "Server.Services", "Server\Server.Services\Server.Services.csproj", "{5FB4B72B-CF44-4961-BC7A-BFD2EAC66A06}"
EndProject
Project("{FAE04EC0-301F-11D3-BF4B-00C04F79EFBC}") = "Server.Implementation", "Server\Server.Implementation\Server.Implementation.csproj", "{6E638329-21EA-497B-89E7-2386AB570FA7}"
EndProject
Project("{FAE04EC0-301F-11D3-BF4B-00C04F79EFBC}") = "Server.Console", "Server\Server.Console\Server.Console.csproj", "{BE0DF3CF-6A0B-45C1-B6B2-E6A8ACC7DE04}"
EndProject
Project("{FAE04EC0-301F-11D3-BF4B-00C04F79EFBC}") = "Common.DataContracts", "Common\Common.DataContracts\Common.DataContracts.csproj", "{3C562316-E53A-4FF9-AC6D-AF7CB10B801A}"
EndProject
Project("{FAE04EC0-301F-11D3-BF4B-00C04F79EFBC}") = "Common.Implementation", "Common\Common.Implementation\Common.Implementation.csproj", "{3AA54AEF-F4EF-4A63-A415-E1B96DD06D73}"
EndProject
Project("{FAE04EC0-301F-11D3-BF4B-00C04F79EFBC}") = "Client.Services", "Client\Client.Services\Client.Services.csproj", "{E50029B1-AA08-4769-AE64-6440AE6B5DAC}"
EndProject
Project("{FAE04EC0-301F-11D3-BF4B-00C04F79EFBC}") = "Client.Implementation", "Client\Client.Implementation\Client.Implementation.csproj", "{364686A0-9212-405C-9C4E-688CB8CA6A54}"
EndProject
Project("{FAE04EC0-301F-11D3-BF4B-00C04F79EFBC}") = "Client.Console", "Client\Client.Console\Client.Console.csproj", "{DA9145B1-F8DB-4F80-9F02-ED3E2612D981}"
EndProject
Project("{FAE04EC0-301F-11D3-BF4B-00C04F79EFBC}") = "Server.Implementation.Tests", "Server\Server.Implementation.Tests\Server.Implementation.Tests.csproj", "{2CFBDED2-EC41-4FF9-B27A-779C0B461402}"
EndProject
Project("{FAE04EC0-301F-11D3-BF4B-00C04F79EFBC}") = "Server.Services.Tests", "Server\Server.Services.Tests\Server.Services.Tests.csproj", "{647AFAD5-B768-426C-88C5-45CEDCA201B2}"
EndProject
Project("{FAE04EC0-301F-11D3-BF4B-00C04F79EFBC}") = "Common.Implementation.Tests", "Common\Common.Implementation.Tests\Common.Implementation.Tests.csproj", "{E909E5E0-013C-4A03-8571-0291908EC7A0}"
EndProject
Project("{FAE04EC0-301F-11D3-BF4B-00C04F79EFBC}") = "Client.Services.Tests", "Client\Client.Services.Tests\Client.Services.Tests.csproj", "{5488CE16-DC92-4050-A352-65A22F0EC4E5}"
EndProject
Project("{FAE04EC0-301F-11D3-BF4B-00C04F79EFBC}") = "Client.Implementation.Tests", "Client\Client.Implementation.Tests\Client.Implementation.Tests.csproj", "{AC4992B9-C1E2-4637-ADE5-2DAFFFF59ABF}"
EndProject
Project("{FAE04EC0-301F-11D3-BF4B-00C04F79EFBC}") = "Common.DatabaseRepositories", "Common\Common.DataBaseRepositories\Common.DatabaseRepositories.csproj", "{72BA1E76-7409-43E7-8FF3-6DE5862F8D3B}"
EndProject
Global
	GlobalSection(SolutionConfigurationPlatforms) = preSolution
		Debug|Any CPU = Debug|Any CPU
		Release|Any CPU = Release|Any CPU
	EndGlobalSection
	GlobalSection(ProjectConfigurationPlatforms) = postSolution
		{5FB4B72B-CF44-4961-BC7A-BFD2EAC66A06}.Debug|Any CPU.ActiveCfg = Debug|Any CPU
		{5FB4B72B-CF44-4961-BC7A-BFD2EAC66A06}.Debug|Any CPU.Build.0 = Debug|Any CPU
		{5FB4B72B-CF44-4961-BC7A-BFD2EAC66A06}.Release|Any CPU.ActiveCfg = Release|Any CPU
		{5FB4B72B-CF44-4961-BC7A-BFD2EAC66A06}.Release|Any CPU.Build.0 = Release|Any CPU
		{6E638329-21EA-497B-89E7-2386AB570FA7}.Debug|Any CPU.ActiveCfg = Debug|Any CPU
		{6E638329-21EA-497B-89E7-2386AB570FA7}.Debug|Any CPU.Build.0 = Debug|Any CPU
		{6E638329-21EA-497B-89E7-2386AB570FA7}.Release|Any CPU.ActiveCfg = Release|Any CPU
		{6E638329-21EA-497B-89E7-2386AB570FA7}.Release|Any CPU.Build.0 = Release|Any CPU
		{BE0DF3CF-6A0B-45C1-B6B2-E6A8ACC7DE04}.Debug|Any CPU.ActiveCfg = Debug|Any CPU
		{BE0DF3CF-6A0B-45C1-B6B2-E6A8ACC7DE04}.Debug|Any CPU.Build.0 = Debug|Any CPU
		{BE0DF3CF-6A0B-45C1-B6B2-E6A8ACC7DE04}.Release|Any CPU.ActiveCfg = Release|Any CPU
		{BE0DF3CF-6A0B-45C1-B6B2-E6A8ACC7DE04}.Release|Any CPU.Build.0 = Release|Any CPU
		{3C562316-E53A-4FF9-AC6D-AF7CB10B801A}.Debug|Any CPU.ActiveCfg = Debug|Any CPU
		{3C562316-E53A-4FF9-AC6D-AF7CB10B801A}.Debug|Any CPU.Build.0 = Debug|Any CPU
		{3C562316-E53A-4FF9-AC6D-AF7CB10B801A}.Release|Any CPU.ActiveCfg = Release|Any CPU
		{3C562316-E53A-4FF9-AC6D-AF7CB10B801A}.Release|Any CPU.Build.0 = Release|Any CPU
		{3AA54AEF-F4EF-4A63-A415-E1B96DD06D73}.Debug|Any CPU.ActiveCfg = Debug|Any CPU
		{3AA54AEF-F4EF-4A63-A415-E1B96DD06D73}.Debug|Any CPU.Build.0 = Debug|Any CPU
		{3AA54AEF-F4EF-4A63-A415-E1B96DD06D73}.Release|Any CPU.ActiveCfg = Release|Any CPU
		{3AA54AEF-F4EF-4A63-A415-E1B96DD06D73}.Release|Any CPU.Build.0 = Release|Any CPU
		{E50029B1-AA08-4769-AE64-6440AE6B5DAC}.Debug|Any CPU.ActiveCfg = Debug|Any CPU
		{E50029B1-AA08-4769-AE64-6440AE6B5DAC}.Debug|Any CPU.Build.0 = Debug|Any CPU
		{E50029B1-AA08-4769-AE64-6440AE6B5DAC}.Release|Any CPU.ActiveCfg = Release|Any CPU
		{E50029B1-AA08-4769-AE64-6440AE6B5DAC}.Release|Any CPU.Build.0 = Release|Any CPU
		{364686A0-9212-405C-9C4E-688CB8CA6A54}.Debug|Any CPU.ActiveCfg = Debug|Any CPU
		{364686A0-9212-405C-9C4E-688CB8CA6A54}.Debug|Any CPU.Build.0 = Debug|Any CPU
		{364686A0-9212-405C-9C4E-688CB8CA6A54}.Release|Any CPU.ActiveCfg = Release|Any CPU
		{364686A0-9212-405C-9C4E-688CB8CA6A54}.Release|Any CPU.Build.0 = Release|Any CPU
		{DA9145B1-F8DB-4F80-9F02-ED3E2612D981}.Debug|Any CPU.ActiveCfg = Debug|Any CPU
		{DA9145B1-F8DB-4F80-9F02-ED3E2612D981}.Debug|Any CPU.Build.0 = Debug|Any CPU
		{DA9145B1-F8DB-4F80-9F02-ED3E2612D981}.Release|Any CPU.ActiveCfg = Release|Any CPU
		{DA9145B1-F8DB-4F80-9F02-ED3E2612D981}.Release|Any CPU.Build.0 = Release|Any CPU
		{2CFBDED2-EC41-4FF9-B27A-779C0B461402}.Debug|Any CPU.ActiveCfg = Debug|Any CPU
		{2CFBDED2-EC41-4FF9-B27A-779C0B461402}.Debug|Any CPU.Build.0 = Debug|Any CPU
		{2CFBDED2-EC41-4FF9-B27A-779C0B461402}.Release|Any CPU.ActiveCfg = Release|Any CPU
		{2CFBDED2-EC41-4FF9-B27A-779C0B461402}.Release|Any CPU.Build.0 = Release|Any CPU
		{647AFAD5-B768-426C-88C5-45CEDCA201B2}.Debug|Any CPU.ActiveCfg = Debug|Any CPU
		{647AFAD5-B768-426C-88C5-45CEDCA201B2}.Debug|Any CPU.Build.0 = Debug|Any CPU
		{647AFAD5-B768-426C-88C5-45CEDCA201B2}.Release|Any CPU.ActiveCfg = Release|Any CPU
		{647AFAD5-B768-426C-88C5-45CEDCA201B2}.Release|Any CPU.Build.0 = Release|Any CPU
		{E909E5E0-013C-4A03-8571-0291908EC7A0}.Debug|Any CPU.ActiveCfg = Debug|Any CPU
		{E909E5E0-013C-4A03-8571-0291908EC7A0}.Debug|Any CPU.Build.0 = Debug|Any CPU
		{E909E5E0-013C-4A03-8571-0291908EC7A0}.Release|Any CPU.ActiveCfg = Release|Any CPU
		{E909E5E0-013C-4A03-8571-0291908EC7A0}.Release|Any CPU.Build.0 = Release|Any CPU
		{5488CE16-DC92-4050-A352-65A22F0EC4E5}.Debug|Any CPU.ActiveCfg = Debug|Any CPU
		{5488CE16-DC92-4050-A352-65A22F0EC4E5}.Debug|Any CPU.Build.0 = Debug|Any CPU
		{5488CE16-DC92-4050-A352-65A22F0EC4E5}.Release|Any CPU.ActiveCfg = Release|Any CPU
		{5488CE16-DC92-4050-A352-65A22F0EC4E5}.Release|Any CPU.Build.0 = Release|Any CPU
		{AC4992B9-C1E2-4637-ADE5-2DAFFFF59ABF}.Debug|Any CPU.ActiveCfg = Debug|Any CPU
		{AC4992B9-C1E2-4637-ADE5-2DAFFFF59ABF}.Debug|Any CPU.Build.0 = Debug|Any CPU
		{AC4992B9-C1E2-4637-ADE5-2DAFFFF59ABF}.Release|Any CPU.ActiveCfg = Release|Any CPU
		{AC4992B9-C1E2-4637-ADE5-2DAFFFF59ABF}.Release|Any CPU.Build.0 = Release|Any CPU
		{72BA1E76-7409-43E7-8FF3-6DE5862F8D3B}.Debug|Any CPU.ActiveCfg = Debug|Any CPU
		{72BA1E76-7409-43E7-8FF3-6DE5862F8D3B}.Debug|Any CPU.Build.0 = Debug|Any CPU
		{72BA1E76-7409-43E7-8FF3-6DE5862F8D3B}.Release|Any CPU.ActiveCfg = Release|Any CPU
		{72BA1E76-7409-43E7-8FF3-6DE5862F8D3B}.Release|Any CPU.Build.0 = Release|Any CPU
	EndGlobalSection
	GlobalSection(SolutionProperties) = preSolution
		HideSolutionNode = FALSE
	EndGlobalSection
	GlobalSection(NestedProjects) = preSolution
		{5FB4B72B-CF44-4961-BC7A-BFD2EAC66A06} = {086731CE-ADC6-40BC-8249-1E1430BE7C60}
		{6E638329-21EA-497B-89E7-2386AB570FA7} = {086731CE-ADC6-40BC-8249-1E1430BE7C60}
		{BE0DF3CF-6A0B-45C1-B6B2-E6A8ACC7DE04} = {086731CE-ADC6-40BC-8249-1E1430BE7C60}
		{2CFBDED2-EC41-4FF9-B27A-779C0B461402} = {086731CE-ADC6-40BC-8249-1E1430BE7C60}
		{647AFAD5-B768-426C-88C5-45CEDCA201B2} = {086731CE-ADC6-40BC-8249-1E1430BE7C60}
		{E50029B1-AA08-4769-AE64-6440AE6B5DAC} = {83FD91E5-F631-4369-ADD5-3B3E7CB57D64}
		{364686A0-9212-405C-9C4E-688CB8CA6A54} = {83FD91E5-F631-4369-ADD5-3B3E7CB57D64}
		{DA9145B1-F8DB-4F80-9F02-ED3E2612D981} = {83FD91E5-F631-4369-ADD5-3B3E7CB57D64}
		{5488CE16-DC92-4050-A352-65A22F0EC4E5} = {83FD91E5-F631-4369-ADD5-3B3E7CB57D64}
		{AC4992B9-C1E2-4637-ADE5-2DAFFFF59ABF} = {83FD91E5-F631-4369-ADD5-3B3E7CB57D64}
		{3C562316-E53A-4FF9-AC6D-AF7CB10B801A} = {0E712BE5-3D6A-4190-912B-125E798414C1}
		{3AA54AEF-F4EF-4A63-A415-E1B96DD06D73} = {0E712BE5-3D6A-4190-912B-125E798414C1}
		{E909E5E0-013C-4A03-8571-0291908EC7A0} = {0E712BE5-3D6A-4190-912B-125E798414C1}
		{72BA1E76-7409-43E7-8FF3-6DE5862F8D3B} = {0E712BE5-3D6A-4190-912B-125E798414C1}
	EndGlobalSection
EndGlobal
